// !$*UTF8*$!
{
	archiveVersion = 1;
	classes = {
	};
	objectVersion = 50;
	objects = {

/* Begin PBXBuildFile section */
		32BDAA4D2414F7A900BD6AA6 /* AppDelegate.m in Sources */ = {isa = PBXBuildFile; fileRef = 32BDAA4C2414F7A900BD6AA6 /* AppDelegate.m */; };
		32BDAA502414F7A900BD6AA6 /* SceneDelegate.m in Sources */ = {isa = PBXBuildFile; fileRef = 32BDAA4F2414F7A900BD6AA6 /* SceneDelegate.m */; };
		32BDAA532414F7A900BD6AA6 /* ViewController.m in Sources */ = {isa = PBXBuildFile; fileRef = 32BDAA522414F7A900BD6AA6 /* ViewController.m */; };
		32BDAA562414F7A900BD6AA6 /* Main.storyboard in Resources */ = {isa = PBXBuildFile; fileRef = 32BDAA542414F7A900BD6AA6 /* Main.storyboard */; };
		32BDAA582414F7AD00BD6AA6 /* Assets.xcassets in Resources */ = {isa = PBXBuildFile; fileRef = 32BDAA572414F7AD00BD6AA6 /* Assets.xcassets */; };
		32BDAA5B2414F7AD00BD6AA6 /* LaunchScreen.storyboard in Resources */ = {isa = PBXBuildFile; fileRef = 32BDAA592414F7AD00BD6AA6 /* LaunchScreen.storyboard */; };
		32BDAA5E2414F7AD00BD6AA6 /* main.m in Sources */ = {isa = PBXBuildFile; fileRef = 32BDAA5D2414F7AD00BD6AA6 /* main.m */; };
/* End PBXBuildFile section */

/* Begin PBXFileReference section */
		32BDAA482414F7A900BD6AA6 /* tiaozhuan.app */ = {isa = PBXFileReference; explicitFileType = wrapper.application; includeInIndex = 0; path = tiaozhuan.app; sourceTree = BUILT_PRODUCTS_DIR; };
		32BDAA4B2414F7A900BD6AA6 /* AppDelegate.h */ = {isa = PBXFileReference; lastKnownFileType = sourcecode.c.h; path = AppDelegate.h; sourceTree = "<group>"; };
		32BDAA4C2414F7A900BD6AA6 /* AppDelegate.m */ = {isa = PBXFileReference; lastKnownFileType = sourcecode.c.objc; path = AppDelegate.m; sourceTree = "<group>"; };
		32BDAA4E2414F7A900BD6AA6 /* SceneDelegate.h */ = {isa = PBXFileReference; lastKnownFileType = sourcecode.c.h; path = SceneDelegate.h; sourceTree = "<group>"; };
		32BDAA4F2414F7A900BD6AA6 /* SceneDelegate.m */ = {isa = PBXFileReference; lastKnownFileType = sourcecode.c.objc; path = SceneDelegate.m; sourceTree = "<group>"; };
		32BDAA512414F7A900BD6AA6 /* ViewController.h */ = {isa = PBXFileReference; lastKnownFileType = sourcecode.c.h; path = ViewController.h; sourceTree = "<group>"; };
		32BDAA522414F7A900BD6AA6 /* ViewController.m */ = {isa = PBXFileReference; lastKnownFileType = sourcecode.c.objc; path = ViewController.m; sourceTree = "<group>"; };
		32BDAA552414F7A900BD6AA6 /* Base */ = {isa = PBXFileReference; lastKnownFileType = file.storyboard; name = Base; path = Base.lproj/Main.storyboard; sourceTree = "<group>"; };
		32BDAA572414F7AD00BD6AA6 /* Assets.xcassets */ = {isa = PBXFileReference; lastKnownFileType = folder.assetcatalog; path = Assets.xcassets; sourceTree = "<group>"; };
		32BDAA5A2414F7AD00BD6AA6 /* Base */ = {isa = PBXFileReference; lastKnownFileType = file.storyboard; name = Base; path = Base.lproj/LaunchScreen.storyboard; sourceTree = "<group>"; };
		32BDAA5C2414F7AD00BD6AA6 /* Info.plist */ = {isa = PBXFileReference; lastKnownFileType = text.plist.xml; path = Info.plist; sourceTree = "<group>"; };
		32BDAA5D2414F7AD00BD6AA6 /* main.m */ = {isa = PBXFileReference; lastKnownFileType = sourcecode.c.objc; path = main.m; sourceTree = "<group>"; };
/* End PBXFileReference section */

/* Begin PBXFrameworksBuildPhase section */
		32BDAA452414F7A900BD6AA6 /* Frameworks */ = {
			isa = PBXFrameworksBuildPhase;
			buildActionMask = 2147483647;
			files = (
			);
			runOnlyForDeploymentPostprocessing = 0;
		};
/* End PBXFrameworksBuildPhase section */

/* Begin PBXGroup section */
		32BDAA3F2414F7A900BD6AA6 = {
			isa = PBXGroup;
			children = (
				32BDAA4A2414F7A900BD6AA6 /* tiaozhuan */,
				32BDAA492414F7A900BD6AA6 /* Products */,
			);
			sourceTree = "<group>";
		};
		32BDAA492414F7A900BD6AA6 /* Products */ = {
			isa = PBXGroup;
			children = (
				32BDAA482414F7A900BD6AA6 /* tiaozhuan.app */,
			);
			name = Products;
			sourceTree = "<group>";
		};
		32BDAA4A2414F7A900BD6AA6 /* tiaozhuan */ = {
			isa = PBXGroup;
			children = (
				32BDAA4B2414F7A900BD6AA6 /* AppDelegate.h */,
				32BDAA4C2414F7A900BD6AA6 /* AppDelegate.m */,
				32BDAA4E2414F7A900BD6AA6 /* SceneDelegate.h */,
				32BDAA4F2414F7A900BD6AA6 /* SceneDelegate.m */,
				32BDAA512414F7A900BD6AA6 /* ViewController.h */,
				32BDAA522414F7A900BD6AA6 /* ViewController.m */,
				32BDAA542414F7A900BD6AA6 /* Main.storyboard */,
				32BDAA572414F7AD00BD6AA6 /* Assets.xcassets */,
				32BDAA592414F7AD00BD6AA6 /* LaunchScreen.storyboard */,
				32BDAA5C2414F7AD00BD6AA6 /* Info.plist */,
				32BDAA5D2414F7AD00BD6AA6 /* main.m */,
			);
			path = tiaozhuan;
			sourceTree = "<group>";
		};
/* End PBXGroup section */

/* Begin PBXNativeTarget section */
		32BDAA472414F7A900BD6AA6 /* tiaozhuan */ = {
			isa = PBXNativeTarget;
			buildConfigurationList = 32BDAA612414F7AD00BD6AA6 /* Build configuration list for PBXNativeTarget "tiaozhuan" */;
			buildPhases = (
				32BDAA442414F7A900BD6AA6 /* Sources */,
				32BDAA452414F7A900BD6AA6 /* Frameworks */,
				32BDAA462414F7A900BD6AA6 /* Resources */,
			);
			buildRules = (
			);
			dependencies = (
			);
			name = tiaozhuan;
			productName = tiaozhuan;
			productReference = 32BDAA482414F7A900BD6AA6 /* tiaozhuan.app */;
			productType = "com.apple.product-type.application";
		};
/* End PBXNativeTarget section */

/* Begin PBXProject section */
		32BDAA402414F7A900BD6AA6 /* Project object */ = {
			isa = PBXProject;
			attributes = {
				LastUpgradeCheck = 1120;
				ORGANIZATIONNAME = BlueWind;
				TargetAttributes = {
					32BDAA472414F7A900BD6AA6 = {
						CreatedOnToolsVersion = 11.2.1;
					};
				};
			};
			buildConfigurationList = 32BDAA432414F7A900BD6AA6 /* Build configuration list for PBXProject "tiaozhuan" */;
			compatibilityVersion = "Xcode 9.3";
			developmentRegion = en;
			hasScannedForEncodings = 0;
			knownRegions = (
				en,
				Base,
			);
			mainGroup = 32BDAA3F2414F7A900BD6AA6;
			productRefGroup = 32BDAA492414F7A900BD6AA6 /* Products */;
			projectDirPath = "";
			projectRoot = "";
			targets = (
				32BDAA472414F7A900BD6AA6 /* tiaozhuan */,
			);
		};
/* End PBXProject section */

/* Begin PBXResourcesBuildPhase section */
		32BDAA462414F7A900BD6AA6 /* Resources */ = {
			isa = PBXResourcesBuildPhase;
			buildActionMask = 2147483647;
			files = (
				32BDAA5B2414F7AD00BD6AA6 /* LaunchScreen.storyboard in Resources */,
				32BDAA582414F7AD00BD6AA6 /* Assets.xcassets in Resources */,
				32BDAA562414F7A900BD6AA6 /* Main.storyboard in Resources */,
			);
			runOnlyForDeploymentPostprocessing = 0;
		};
/* End PBXResourcesBuildPhase section */

/* Begin PBXSourcesBuildPhase section */
		32BDAA442414F7A900BD6AA6 /* Sources */ = {
			isa = PBXSourcesBuildPhase;
			buildActionMask = 2147483647;
			files = (
				32BDAA532414F7A900BD6AA6 /* ViewController.m in Sources */,
				32BDAA4D2414F7A900BD6AA6 /* AppDelegate.m in Sources */,
				32BDAA5E2414F7AD00BD6AA6 /* main.m in Sources */,
				32BDAA502414F7A900BD6AA6 /* SceneDelegate.m in Sources */,
			);
			runOnlyForDeploymentPostprocessing = 0;
		};
/* End PBXSourcesBuildPhase section */

/* Begin PBXVariantGroup section */
		32BDAA542414F7A900BD6AA6 /* Main.storyboard */ = {
			isa = PBXVariantGroup;
			children = (
				32BDAA552414F7A900BD6AA6 /* Base */,
			);
			name = Main.storyboard;
			sourceTree = "<group>";
		};
		32BDAA592414F7AD00BD6AA6 /* LaunchScreen.storyboard */ = {
			isa = PBXVariantGroup;
			children = (
				32BDAA5A2414F7AD00BD6AA6 /* Base */,
			);
			name = LaunchScreen.storyboard;
			sourceTree = "<group>";
		};
/* End PBXVariantGroup section */

/* Begin XCBuildConfiguration section */
		32BDAA5F2414F7AD00BD6AA6 /* Debug */ = {
			isa = XCBuildConfiguration;
			buildSettings = {
				ALWAYS_SEARCH_USER_PATHS = NO;
				CLANG_ANALYZER_NONNULL = YES;
				CLANG_ANALYZER_NUMBER_OBJECT_CONVERSION = YES_AGGRESSIVE;
				CLANG_CXX_LANGUAGE_STANDARD = "gnu++14";
				CLANG_CXX_LIBRARY = "libc++";
				CLANG_ENABLE_MODULES = YES;
				CLANG_ENABLE_OBJC_ARC = YES;
				CLANG_ENABLE_OBJC_WEAK = YES;
				CLANG_WARN_BLOCK_CAPTURE_AUTORELEASING = YES;
				CLANG_WARN_BOOL_CONVERSION = YES;
				CLANG_WARN_COMMA = YES;
				CLANG_WARN_CONSTANT_CONVERSION = YES;
				CLANG_WARN_DEPRECATED_OBJC_IMPLEMENTATIONS = YES;
				CLANG_WARN_DIRECT_OBJC_ISA_USAGE = YES_ERROR;
				CLANG_WARN_DOCUMENTATION_COMMENTS = YES;
				CLANG_WARN_EMPTY_BODY = YES;
				CLANG_WARN_ENUM_CONVERSION = YES;
				CLANG_WARN_INFINITE_RECURSION = YES;
				CLANG_WARN_INT_CONVERSION = YES;
				CLANG_WARN_NON_LITERAL_NULL_CONVERSION = YES;
				CLANG_WARN_OBJC_IMPLICIT_RETAIN_SELF = YES;
				CLANG_WARN_OBJC_LITERAL_CONVERSION = YES;
				CLANG_WARN_OBJC_ROOT_CLASS = YES_ERROR;
				CLANG_WARN_RANGE_LOOP_ANALYSIS = YES;
				CLANG_WARN_STRICT_PROTOTYPES = YES;
				CLANG_WARN_SUSPICIOUS_MOVE = YES;
				CLANG_WARN_UNGUARDED_AVAILABILITY = YES_AGGRESSIVE;
				CLANG_WARN_UNREACHABLE_CODE = YES;
				CLANG_WARN__DUPLICATE_METHOD_MATCH = YES;
				COPY_PHASE_STRIP = NO;
				DEBUG_INFORMATION_FORMAT = dwarf;
				ENABLE_STRICT_OBJC_MSGSEND = YES;
				ENABLE_TESTABILITY = YES;
				GCC_C_LANGUAGE_STANDARD = gnu11;
				GCC_DYNAMIC_NO_PIC = NO;
				GCC_NO_COMMON_BLOCKS = YES;
				GCC_OPTIMIZATION_LEVEL = 0;
				GCC_PREPROCESSOR_DEFINITIONS = (
					"DEBUG=1",
					"$(inherited)",
				);
				GCC_WARN_64_TO_32_BIT_CONVERSION = YES;
				GCC_WARN_ABOUT_RETURN_TYPE = YES_ERROR;
				GCC_WARN_UNDECLARED_SELECTOR = YES;
				GCC_WARN_UNINITIALIZED_AUTOS = YES_AGGRESSIVE;
				GCC_WARN_UNUSED_FUNCTION = YES;
				GCC_WARN_UNUSED_VARIABLE = YES;
				IPHONEOS_DEPLOYMENT_TARGET = 13.2;
				MTL_ENABLE_DEBUG_INFO = INCLUDE_SOURCE;
				MTL_FAST_MATH = YES;
				ONLY_ACTIVE_ARCH = YES;
				SDKROOT = iphoneos;
			};
			name = Debug;
		};
		32BDAA602414F7AD00BD6AA6 /* Release */ = {
			isa = XCBuildConfiguration;
			buildSettings = {
				ALWAYS_SEARCH_USER_PATHS = NO;
				CLANG_ANALYZER_NONNULL = YES;
				CLANG_ANALYZER_NUMBER_OBJECT_CONVERSION = YES_AGGRESSIVE;
				CLANG_CXX_LANGUAGE_STANDARD = "gnu++14";
				CLANG_CXX_LIBRARY = "libc++";
				CLANG_ENABLE_MODULES = YES;
				CLANG_ENABLE_OBJC_ARC = YES;
				CLANG_ENABLE_OBJC_WEAK = YES;
				CLANG_WARN_BLOCK_CAPTURE_AUTORELEASING = YES;
				CLANG_WARN_BOOL_CONVERSION = YES;
				CLANG_WARN_COMMA = YES;
				CLANG_WARN_CONSTANT_CONVERSION = YES;
				CLANG_WARN_DEPRECATED_OBJC_IMPLEMENTATIONS = YES;
				CLANG_WARN_DIRECT_OBJC_ISA_USAGE = YES_ERROR;
				CLANG_WARN_DOCUMENTATION_COMMENTS = YES;
				CLANG_WARN_EMPTY_BODY = YES;
				CLANG_WARN_ENUM_CONVERSION = YES;
				CLANG_WARN_INFINITE_RECURSION = YES;
				CLANG_WARN_INT_CONVERSION = YES;
				CLANG_WARN_NON_LITERAL_NULL_CONVERSION = YES;
				CLANG_WARN_OBJC_IMPLICIT_RETAIN_SELF = YES;
				CLANG_WARN_OBJC_LITERAL_CONVERSION = YES;
				CLANG_WARN_OBJC_ROOT_CLASS = YES_ERROR;
				CLANG_WARN_RANGE_LOOP_ANALYSIS = YES;
				CLANG_WARN_STRICT_PROTOTYPES = YES;
				CLANG_WARN_SUSPICIOUS_MOVE = YES;
				CLANG_WARN_UNGUARDED_AVAILABILITY = YES_AGGRESSIVE;
				CLANG_WARN_UNREACHABLE_CODE = YES;
				CLANG_WARN__DUPLICATE_METHOD_MATCH = YES;
				COPY_PHASE_STRIP = NO;
				DEBUG_INFORMATION_FORMAT = "dwarf-with-dsym";
				ENABLE_NS_ASSERTIONS = NO;
				ENABLE_STRICT_OBJC_MSGSEND = YES;
				GCC_C_LANGUAGE_STANDARD = gnu11;
				GCC_NO_COMMON_BLOCKS = YES;
				GCC_WARN_64_TO_32_BIT_CONVERSION = YES;
				GCC_WARN_ABOUT_RETURN_TYPE = YES_ERROR;
				GCC_WARN_UNDECLARED_SELECTOR = YES;
				GCC_WARN_UNINITIALIZED_AUTOS = YES_AGGRESSIVE;
				GCC_WARN_UNUSED_FUNCTION = YES;
				GCC_WARN_UNUSED_VARIABLE = YES;
				IPHONEOS_DEPLOYMENT_TARGET = 13.2;
				MTL_ENABLE_DEBUG_INFO = NO;
				MTL_FAST_MATH = YES;
				SDKROOT = iphoneos;
				VALIDATE_PRODUCT = YES;
			};
			name = Release;
		};
		32BDAA622414F7AD00BD6AA6 /* Debug */ = {
			isa = XCBuildConfiguration;
			buildSettings = {
				ASSETCATALOG_COMPILER_APPICON_NAME = AppIcon;
				CODE_SIGN_STYLE = Automatic;
				DEVELOPMENT_TEAM = 5N3GQCNL49;
				INFOPLIST_FILE = tiaozhuan/Info.plist;
				LD_RUNPATH_SEARCH_PATHS = (
					"$(inherited)",
					"@executable_path/Frameworks",
				);
				PRODUCT_BUNDLE_IDENTIFIER = com.tlq.tiaozhuan;
				PRODUCT_NAME = "$(TARGET_NAME)";
				TARGETED_DEVICE_FAMILY = "1,2";
			};
			name = Debug;
		};
		32BDAA632414F7AD00BD6AA6 /* Release */ = {
			isa = XCBuildConfiguration;
			buildSettings = {
				ASSETCATALOG_COMPILER_APPICON_NAME = AppIcon;
				CODE_SIGN_STYLE = Automatic;
				DEVELOPMENT_TEAM = 5N3GQCNL49;
				INFOPLIST_FILE = tiaozhuan/Info.plist;
				LD_RUNPATH_SEARCH_PATHS = (
					"$(inherited)",
					"@executable_path/Frameworks",
				);
				PRODUCT_BUNDLE_IDENTIFIER = com.tlq.tiaozhuan;
				PRODUCT_NAME = "$(TARGET_NAME)";
				TARGETED_DEVICE_FAMILY = "1,2";
			};
			name = Release;
		};
/* End XCBuildConfiguration section */

/* Begin XCConfigurationList section */
		32BDAA432414F7A900BD6AA6 /* Build configuration list for PBXProject "tiaozhuan" */ = {
			isa = XCConfigurationList;
			buildConfigurations = (
				32BDAA5F2414F7AD00BD6AA6 /* Debug */,
				32BDAA602414F7AD00BD6AA6 /* Release */,
			);
			defaultConfigurationIsVisible = 0;
			defaultConfigurationName = Release;
		};
		32BDAA612414F7AD00BD6AA6 /* Build configuration list for PBXNativeTarget "tiaozhuan" */ = {
			isa = XCConfigurationList;
			buildConfigurations = (
				32BDAA622414F7AD00BD6AA6 /* Debug */,
				32BDAA632414F7AD00BD6AA6 /* Release */,
			);
			defaultConfigurationIsVisible = 0;
			defaultConfigurationName = Release;
		};
/* End XCConfigurationList section */
	};
	rootObject = 32BDAA402414F7A900BD6AA6 /* Project object */;
}
